
Microsoft Visual Studio Solution File, Format Version 12.00
# Visual Studio 15
VisualStudioVersion = 15.0.26923.0
MinimumVisualStudioVersion = 10.0.40219.1
Project("{FAE04EC0-301F-11D3-BF4B-00C04F79EFBC}") = "ContentfulMVC", "ContentfulMVC\ContentfulMVC.csproj", "{C7D106FA-8CFA-48BF-A142-0997F91952E1}"
EndProject
Global
	GlobalSection(SolutionConfigurationPlatforms) = preSolution
		Debug|Any CPU = Debug|Any CPU
		Release|Any CPU = Release|Any CPU
	EndGlobalSection
	GlobalSection(ProjectConfigurationPlatforms) = postSolution
		{C7D106FA-8CFA-48BF-A142-0997F91952E1}.Debug|Any CPU.ActiveCfg = Debug|Any CPU
		{C7D106FA-8CFA-48BF-A142-0997F91952E1}.Debug|Any CPU.Build.0 = Debug|Any CPU
		{C7D106FA-8CFA-48BF-A142-0997F91952E1}.Release|Any CPU.ActiveCfg = Release|Any CPU
		{C7D106FA-8CFA-48BF-A142-0997F91952E1}.Release|Any CPU.Build.0 = Release|Any CPU
	EndGlobalSection
	GlobalSection(SolutionProperties) = preSolution
		HideSolutionNode = FALSE
	EndGlobalSection
	GlobalSection(ExtensibilityGlobals) = postSolution
		SolutionGuid = {77B9D012-2DE3-4DDC-9B66-F6A777EEC7B9}
	EndGlobalSection
EndGlobal
